
Microsoft Visual Studio Solution File, Format Version 12.00
# Visual Studio 15
VisualStudioVersion = 15.0.27428.2037
MinimumVisualStudioVersion = 10.0.40219.1
Project("{8BC9CEB8-8B4A-11D0-8D11-00A0C91BC942}") = "RSLibDemo_VS2017", "RSLibDemo\RSLibDemo_VS2017.vcxproj", "{10CB3859-7E79-4AC4-A59A-04E624DCC295}"
EndProject
Global
	GlobalSection(SolutionConfigurationPlatforms) = preSolution
		Debug|x64 = Debug|x64
		Debug|x86 = Debug|x86
		Release|x64 = Release|x64
		Release|x86 = Release|x86
	EndGlobalSection
	GlobalSection(ProjectConfigurationPlatforms) = postSolution
		{10CB3859-7E79-4AC4-A59A-04E624DCC295}.Debug|x64.ActiveCfg = Debug|x64
		{10CB3859-7E79-4AC4-A59A-04E624DCC295}.Debug|x64.Build.0 = Debug|x64
		{10CB3859-7E79-4AC4-A59A-04E624DCC295}.Debug|x86.ActiveCfg = Debug|Win32
		{10CB3859-7E79-4AC4-A59A-04E624DCC295}.Debug|x86.Build.0 = Debug|Win32
		{10CB3859-7E79-4AC4-A59A-04E624DCC295}.Release|x64.ActiveCfg = Release|x64
		{10CB3859-7E79-4AC4-A59A-04E624DCC295}.Release|x64.Build.0 = Release|x64
		{10CB3859-7E79-4AC4-A59A-04E624DCC295}.Release|x86.ActiveCfg = Release|Win32
		{10CB3859-7E79-4AC4-A59A-04E624DCC295}.Release|x86.Build.0 = Release|Win32
	EndGlobalSection
	GlobalSection(SolutionProperties) = preSolution
		HideSolutionNode = FALSE
	EndGlobalSection
	GlobalSection(ExtensibilityGlobals) = postSolution
		SolutionGuid = {3DC7B92D-82DE-4233-92F8-71454BE75478}
	EndGlobalSection
EndGlobal
