
Microsoft Visual Studio Solution File, Format Version 12.00
# Visual Studio 15
VisualStudioVersion = 15.0.28307.438
MinimumVisualStudioVersion = 10.0.40219.1
Project("{FAE04EC0-301F-11D3-BF4B-00C04F79EFBC}") = "SDK_Demo_CSHARP", "SDK_Demo_CSHARP\SDK_Demo_CSHARP.csproj", "{ED8A42AC-6E90-46C4-AD65-D334DDB85EC1}"
EndProject
Global
	GlobalSection(SolutionConfigurationPlatforms) = preSolution
		Debug|Any CPU = Debug|Any CPU
		Debug|x86 = Debug|x86
		Release|Any CPU = Release|Any CPU
		Release|x86 = Release|x86
	EndGlobalSection
	GlobalSection(ProjectConfigurationPlatforms) = postSolution
		{ED8A42AC-6E90-46C4-AD65-D334DDB85EC1}.Debug|Any CPU.ActiveCfg = Debug|Any CPU
		{ED8A42AC-6E90-46C4-AD65-D334DDB85EC1}.Debug|Any CPU.Build.0 = Debug|Any CPU
		{ED8A42AC-6E90-46C4-AD65-D334DDB85EC1}.Debug|x86.ActiveCfg = Debug|x86
		{ED8A42AC-6E90-46C4-AD65-D334DDB85EC1}.Debug|x86.Build.0 = Debug|x86
		{ED8A42AC-6E90-46C4-AD65-D334DDB85EC1}.Release|Any CPU.ActiveCfg = Release|Any CPU
		{ED8A42AC-6E90-46C4-AD65-D334DDB85EC1}.Release|Any CPU.Build.0 = Release|Any CPU
		{ED8A42AC-6E90-46C4-AD65-D334DDB85EC1}.Release|x86.ActiveCfg = Release|x86
		{ED8A42AC-6E90-46C4-AD65-D334DDB85EC1}.Release|x86.Build.0 = Release|x86
	EndGlobalSection
	GlobalSection(SolutionProperties) = preSolution
		HideSolutionNode = FALSE
	EndGlobalSection
	GlobalSection(ExtensibilityGlobals) = postSolution
		SolutionGuid = {82D448CA-74E9-4181-AA52-D54977B99577}
	EndGlobalSection
EndGlobal
